
Microsoft Visual Studio Solution File, Format Version 12.00
# Visual Studio Version 17
VisualStudioVersion = 17.0.31912.275
MinimumVisualStudioVersion = 10.0.40219.1
Project("{2150E333-8FDC-42A3-9474-1A3956D46DE8}") = "src", "src", "{DE8F91F3-95D7-45EB-972F-3707A6A32AFC}"
EndProject
Project("{2150E333-8FDC-42A3-9474-1A3956D46DE8}") = "01-Building Blocks", "01-Building Blocks", "{D01CD272-DF93-467F-8706-08DCECA4079D}"
EndProject
Project("{2150E333-8FDC-42A3-9474-1A3956D46DE8}") = "03-DataAccess", "03-DataAccess", "{9071B6D2-A1D4-4DCC-A501-C908CC258B47}"
EndProject
Project("{2150E333-8FDC-42A3-9474-1A3956D46DE8}") = "04-Api", "04-Api", "{F79F2C61-7454-499C-BCD1-090144151873}"
EndProject
Project("{2150E333-8FDC-42A3-9474-1A3956D46DE8}") = "02-Business", "02-Business", "{BF25FA25-5EA8-4CF5-956B-93E5615CAA0E}"
EndProject
Project("{9A19103F-16F7-4668-BE54-9A1E7A4F7556}") = "Core", "src\Core\Core.csproj", "{40F3538E-5861-45B3-B09B-C7DDFD60B77D}"
EndProject
Project("{9A19103F-16F7-4668-BE54-9A1E7A4F7556}") = "Core.WebApi", "src\Core.WebApi\Core.WebApi.csproj", "{0F862120-4D3E-47FF-B980-BED3B15AF249}"
EndProject
Project("{9A19103F-16F7-4668-BE54-9A1E7A4F7556}") = "Business", "src\Business\Business.csproj", "{2F758130-A042-43F0-9535-312D4D392E5C}"
EndProject
Project("{9A19103F-16F7-4668-BE54-9A1E7A4F7556}") = "DataAccess", "src\DataAccess\DataAccess.csproj", "{A24E62B1-3261-4002-BF52-3CD3ADF96802}"
EndProject
Project("{9A19103F-16F7-4668-BE54-9A1E7A4F7556}") = "WebApi", "src\WebApi\WebApi.csproj", "{F4C00616-71D4-41BD-830B-59F9F8D28EDB}"
EndProject
Project("{9A19103F-16F7-4668-BE54-9A1E7A4F7556}") = "Test", "test\Test.csproj", "{A61981CC-BE65-43C9-A001-7BEF43A2E59D}"
EndProject
Project("{2150E333-8FDC-42A3-9474-1A3956D46DE8}") = "Test", "Test", "{7E08186D-6E97-49DE-948D-5C1A4C1324DD}"
EndProject
Global
	GlobalSection(SolutionConfigurationPlatforms) = preSolution
		Debug|Any CPU = Debug|Any CPU
		Release|Any CPU = Release|Any CPU
	EndGlobalSection
	GlobalSection(ProjectConfigurationPlatforms) = postSolution
		{40F3538E-5861-45B3-B09B-C7DDFD60B77D}.Debug|Any CPU.ActiveCfg = Debug|Any CPU
		{40F3538E-5861-45B3-B09B-C7DDFD60B77D}.Debug|Any CPU.Build.0 = Debug|Any CPU
		{40F3538E-5861-45B3-B09B-C7DDFD60B77D}.Release|Any CPU.ActiveCfg = Release|Any CPU
		{40F3538E-5861-45B3-B09B-C7DDFD60B77D}.Release|Any CPU.Build.0 = Release|Any CPU
		{0F862120-4D3E-47FF-B980-BED3B15AF249}.Debug|Any CPU.ActiveCfg = Debug|Any CPU
		{0F862120-4D3E-47FF-B980-BED3B15AF249}.Debug|Any CPU.Build.0 = Debug|Any CPU
		{0F862120-4D3E-47FF-B980-BED3B15AF249}.Release|Any CPU.ActiveCfg = Release|Any CPU
		{0F862120-4D3E-47FF-B980-BED3B15AF249}.Release|Any CPU.Build.0 = Release|Any CPU
		{2F758130-A042-43F0-9535-312D4D392E5C}.Debug|Any CPU.ActiveCfg = Debug|Any CPU
		{2F758130-A042-43F0-9535-312D4D392E5C}.Debug|Any CPU.Build.0 = Debug|Any CPU
		{2F758130-A042-43F0-9535-312D4D392E5C}.Release|Any CPU.ActiveCfg = Release|Any CPU
		{2F758130-A042-43F0-9535-312D4D392E5C}.Release|Any CPU.Build.0 = Release|Any CPU
		{A24E62B1-3261-4002-BF52-3CD3ADF96802}.Debug|Any CPU.ActiveCfg = Debug|Any CPU
		{A24E62B1-3261-4002-BF52-3CD3ADF96802}.Debug|Any CPU.Build.0 = Debug|Any CPU
		{A24E62B1-3261-4002-BF52-3CD3ADF96802}.Release|Any CPU.ActiveCfg = Release|Any CPU
		{A24E62B1-3261-4002-BF52-3CD3ADF96802}.Release|Any CPU.Build.0 = Release|Any CPU
		{F4C00616-71D4-41BD-830B-59F9F8D28EDB}.Debug|Any CPU.ActiveCfg = Debug|Any CPU
		{F4C00616-71D4-41BD-830B-59F9F8D28EDB}.Debug|Any CPU.Build.0 = Debug|Any CPU
		{F4C00616-71D4-41BD-830B-59F9F8D28EDB}.Release|Any CPU.ActiveCfg = Release|Any CPU
		{F4C00616-71D4-41BD-830B-59F9F8D28EDB}.Release|Any CPU.Build.0 = Release|Any CPU
		{A61981CC-BE65-43C9-A001-7BEF43A2E59D}.Debug|Any CPU.ActiveCfg = Debug|Any CPU
		{A61981CC-BE65-43C9-A001-7BEF43A2E59D}.Debug|Any CPU.Build.0 = Debug|Any CPU
		{A61981CC-BE65-43C9-A001-7BEF43A2E59D}.Release|Any CPU.ActiveCfg = Release|Any CPU
		{A61981CC-BE65-43C9-A001-7BEF43A2E59D}.Release|Any CPU.Build.0 = Release|Any CPU
	EndGlobalSection
	GlobalSection(SolutionProperties) = preSolution
		HideSolutionNode = FALSE
	EndGlobalSection
	GlobalSection(NestedProjects) = preSolution
		{D01CD272-DF93-467F-8706-08DCECA4079D} = {DE8F91F3-95D7-45EB-972F-3707A6A32AFC}
		{9071B6D2-A1D4-4DCC-A501-C908CC258B47} = {DE8F91F3-95D7-45EB-972F-3707A6A32AFC}
		{F79F2C61-7454-499C-BCD1-090144151873} = {DE8F91F3-95D7-45EB-972F-3707A6A32AFC}
		{BF25FA25-5EA8-4CF5-956B-93E5615CAA0E} = {DE8F91F3-95D7-45EB-972F-3707A6A32AFC}
		{40F3538E-5861-45B3-B09B-C7DDFD60B77D} = {D01CD272-DF93-467F-8706-08DCECA4079D}
		{0F862120-4D3E-47FF-B980-BED3B15AF249} = {D01CD272-DF93-467F-8706-08DCECA4079D}
		{2F758130-A042-43F0-9535-312D4D392E5C} = {BF25FA25-5EA8-4CF5-956B-93E5615CAA0E}
		{A24E62B1-3261-4002-BF52-3CD3ADF96802} = {9071B6D2-A1D4-4DCC-A501-C908CC258B47}
		{F4C00616-71D4-41BD-830B-59F9F8D28EDB} = {F79F2C61-7454-499C-BCD1-090144151873}
		{A61981CC-BE65-43C9-A001-7BEF43A2E59D} = {7E08186D-6E97-49DE-948D-5C1A4C1324DD}
	EndGlobalSection
	GlobalSection(ExtensibilityGlobals) = postSolution
		SolutionGuid = {0473F289-3BE4-4068-B0A3-8A5293802F64}
	EndGlobalSection
EndGlobal
